// !$*UTF8*$!
{
	archiveVersion = 1;
	classes = {
	};
	objectVersion = 48;
	objects = {

/* Begin PBXBuildFile section */
		0A22C0C82007F7A8004C23AF /* CustomImageView.swift in Sources */ = {isa = PBXBuildFile; fileRef = 0A22C0C72007F7A8004C23AF /* CustomImageView.swift */; };
		0A7061BA1FFD25EB00DAA864 /* Assets.xcassets in Resources */ = {isa = PBXBuildFile; fileRef = 0A7061B91FFD25EB00DAA864 /* Assets.xcassets */; };
		0A990A2D1F759F07005AB124 /* AppDelegate.swift in Sources */ = {isa = PBXBuildFile; fileRef = 0A990A2C1F759F07005AB124 /* AppDelegate.swift */; };
		0A990A2F1F759F07005AB124 /* TourController.swift in Sources */ = {isa = PBXBuildFile; fileRef = 0A990A2E1F759F07005AB124 /* TourController.swift */; };
		0A990A371F759F07005AB124 /* LaunchScreen.storyboard in Resources */ = {isa = PBXBuildFile; fileRef = 0A990A351F759F07005AB124 /* LaunchScreen.storyboard */; };
		0A990A401F759F7F005AB124 /* Extension.swift in Sources */ = {isa = PBXBuildFile; fileRef = 0A990A3F1F759F7F005AB124 /* Extension.swift */; };
		0A990A431F75A1A6005AB124 /* Page.swift in Sources */ = {isa = PBXBuildFile; fileRef = 0A990A421F75A1A6005AB124 /* Page.swift */; };
		0A990A451F75A1F4005AB124 /* MainNavigationController.swift in Sources */ = {isa = PBXBuildFile; fileRef = 0A990A441F75A1F4005AB124 /* MainNavigationController.swift */; };
		0A990A471F75A477005AB124 /* Main.storyboard in Resources */ = {isa = PBXBuildFile; fileRef = 0A990A461F75A477005AB124 /* Main.storyboard */; };
		0A990A4A1F75A7ED005AB124 /* PageCell.swift in Sources */ = {isa = PBXBuildFile; fileRef = 0A990A491F75A7ED005AB124 /* PageCell.swift */; };
		0A990A4C1F75B71B005AB124 /* Animals.swift in Sources */ = {isa = PBXBuildFile; fileRef = 0A990A4B1F75B71B005AB124 /* Animals.swift */; };
		0A990A4E1F75BE14005AB124 /* LoginCell.swift in Sources */ = {isa = PBXBuildFile; fileRef = 0A990A4D1F75BE14005AB124 /* LoginCell.swift */; };
		0A990A501F75C8C4005AB124 /* PetCellController.swift in Sources */ = {isa = PBXBuildFile; fileRef = 0A990A4F1F75C8C4005AB124 /* PetCellController.swift */; };
		0A990A521F75C95F005AB124 /* HomeController.swift in Sources */ = {isa = PBXBuildFile; fileRef = 0A990A511F75C95F005AB124 /* HomeController.swift */; };
		0A990A541F75CB76005AB124 /* TopMenuBar.swift in Sources */ = {isa = PBXBuildFile; fileRef = 0A990A531F75CB76005AB124 /* TopMenuBar.swift */; };
		0ACC27E41F7ADDF90078387B /* BaseCell.swift in Sources */ = {isa = PBXBuildFile; fileRef = 0ACC27E31F7ADDF90078387B /* BaseCell.swift */; };
		0ADEE70F1FDF34E20087A9DC /* DetailController.swift in Sources */ = {isa = PBXBuildFile; fileRef = 0ADEE70E1FDF34E20087A9DC /* DetailController.swift */; };
		D48A545587C13414EFD4826E /* Pods_Animals.framework in Frameworks */ = {isa = PBXBuildFile; fileRef = 9BF89BF7AB4EAE064978CFB2 /* Pods_Animals.framework */; };
/* End PBXBuildFile section */

/* Begin PBXFileReference section */
		0A22C0C72007F7A8004C23AF /* CustomImageView.swift */ = {isa = PBXFileReference; lastKnownFileType = sourcecode.swift; path = CustomImageView.swift; sourceTree = "<group>"; };
		0A7061B91FFD25EB00DAA864 /* Assets.xcassets */ = {isa = PBXFileReference; lastKnownFileType = folder.assetcatalog; path = Assets.xcassets; sourceTree = "<group>"; };
		0A990A291F759F07005AB124 /* Animals.app */ = {isa = PBXFileReference; explicitFileType = wrapper.application; includeInIndex = 0; path = Animals.app; sourceTree = BUILT_PRODUCTS_DIR; };
		0A990A2C1F759F07005AB124 /* AppDelegate.swift */ = {isa = PBXFileReference; lastKnownFileType = sourcecode.swift; path = AppDelegate.swift; sourceTree = "<group>"; };
		0A990A2E1F759F07005AB124 /* TourController.swift */ = {isa = PBXFileReference; lastKnownFileType = sourcecode.swift; path = TourController.swift; sourceTree = "<group>"; };
		0A990A361F759F07005AB124 /* Base */ = {isa = PBXFileReference; lastKnownFileType = file.storyboard; name = Base; path = Base.lproj/LaunchScreen.storyboard; sourceTree = "<group>"; };
		0A990A381F759F07005AB124 /* Info.plist */ = {isa = PBXFileReference; lastKnownFileType = text.plist.xml; path = Info.plist; sourceTree = "<group>"; };
		0A990A3F1F759F7F005AB124 /* Extension.swift */ = {isa = PBXFileReference; lastKnownFileType = sourcecode.swift; path = Extension.swift; sourceTree = "<group>"; };
		0A990A421F75A1A6005AB124 /* Page.swift */ = {isa = PBXFileReference; lastKnownFileType = sourcecode.swift; path = Page.swift; sourceTree = "<group>"; };
		0A990A441F75A1F4005AB124 /* MainNavigationController.swift */ = {isa = PBXFileReference; lastKnownFileType = sourcecode.swift; path = MainNavigationController.swift; sourceTree = "<group>"; };
		0A990A461F75A477005AB124 /* Main.storyboard */ = {isa = PBXFileReference; lastKnownFileType = file.storyboard; path = Main.storyboard; sourceTree = "<group>"; };
		0A990A491F75A7ED005AB124 /* PageCell.swift */ = {isa = PBXFileReference; lastKnownFileType = sourcecode.swift; path = PageCell.swift; sourceTree = "<group>"; };
		0A990A4B1F75B71B005AB124 /* Animals.swift */ = {isa = PBXFileReference; lastKnownFileType = sourcecode.swift; path = Animals.swift; sourceTree = "<group>"; };
		0A990A4D1F75BE14005AB124 /* LoginCell.swift */ = {isa = PBXFileReference; lastKnownFileType = sourcecode.swift; path = LoginCell.swift; sourceTree = "<group>"; };
		0A990A4F1F75C8C4005AB124 /* PetCellController.swift */ = {isa = PBXFileReference; lastKnownFileType = sourcecode.swift; path = PetCellController.swift; sourceTree = "<group>"; };
		0A990A511F75C95F005AB124 /* HomeController.swift */ = {isa = PBXFileReference; lastKnownFileType = sourcecode.swift; path = HomeController.swift; sourceTree = "<group>"; };
		0A990A531F75CB76005AB124 /* TopMenuBar.swift */ = {isa = PBXFileReference; lastKnownFileType = sourcecode.swift; path = TopMenuBar.swift; sourceTree = "<group>"; };
		0ACC27E31F7ADDF90078387B /* BaseCell.swift */ = {isa = PBXFileReference; lastKnownFileType = sourcecode.swift; path = BaseCell.swift; sourceTree = "<group>"; };
		0ADEE70E1FDF34E20087A9DC /* DetailController.swift */ = {isa = PBXFileReference; lastKnownFileType = sourcecode.swift; path = DetailController.swift; sourceTree = "<group>"; };
		18D1D2E963B3ABB97F62E24F /* Pods-Animals.debug.xcconfig */ = {isa = PBXFileReference; includeInIndex = 1; lastKnownFileType = text.xcconfig; name = "Pods-Animals.debug.xcconfig"; path = "Pods/Target Support Files/Pods-Animals/Pods-Animals.debug.xcconfig"; sourceTree = "<group>"; };
		468C67F0D232D67B5767B237 /* Pods-Animals.release.xcconfig */ = {isa = PBXFileReference; includeInIndex = 1; lastKnownFileType = text.xcconfig; name = "Pods-Animals.release.xcconfig"; path = "Pods/Target Support Files/Pods-Animals/Pods-Animals.release.xcconfig"; sourceTree = "<group>"; };
		9BF89BF7AB4EAE064978CFB2 /* Pods_Animals.framework */ = {isa = PBXFileReference; explicitFileType = wrapper.framework; includeInIndex = 0; path = Pods_Animals.framework; sourceTree = BUILT_PRODUCTS_DIR; };
/* End PBXFileReference section */

/* Begin PBXFrameworksBuildPhase section */
		0A990A261F759F07005AB124 /* Frameworks */ = {
			isa = PBXFrameworksBuildPhase;
			buildActionMask = 2147483647;
			files = (
				D48A545587C13414EFD4826E /* Pods_Animals.framework in Frameworks */,
			);
			runOnlyForDeploymentPostprocessing = 0;
		};
/* End PBXFrameworksBuildPhase section */

/* Begin PBXGroup section */
		0A990A201F759F07005AB124 = {
			isa = PBXGroup;
			children = (
				0A990A2B1F759F07005AB124 /* Animals */,
				0A990A2A1F759F07005AB124 /* Products */,
				1C92E230F767A9A1443F8415 /* Pods */,
				EB3A92485D47842DADD478CC /* Frameworks */,
			);
			sourceTree = "<group>";
		};
		0A990A2A1F759F07005AB124 /* Products */ = {
			isa = PBXGroup;
			children = (
				0A990A291F759F07005AB124 /* Animals.app */,
			);
			name = Products;
			sourceTree = "<group>";
		};
		0A990A2B1F759F07005AB124 /* Animals */ = {
			isa = PBXGroup;
			children = (
				0A990A481F75A7C4005AB124 /* Views */,
				0A990A411F75A17D005AB124 /* Models */,
				0A990A3E1F759F68005AB124 /* Helpers */,
				0A990A2C1F759F07005AB124 /* AppDelegate.swift */,
				0A990A441F75A1F4005AB124 /* MainNavigationController.swift */,
				0A990A2E1F759F07005AB124 /* TourController.swift */,
				0A990A511F75C95F005AB124 /* HomeController.swift */,
				0ADEE70E1FDF34E20087A9DC /* DetailController.swift */,
				0A990A461F75A477005AB124 /* Main.storyboard */,
				0A7061B91FFD25EB00DAA864 /* Assets.xcassets */,
				0A990A351F759F07005AB124 /* LaunchScreen.storyboard */,
				0A990A381F759F07005AB124 /* Info.plist */,
			);
			path = Animals;
			sourceTree = "<group>";
		};
		0A990A3E1F759F68005AB124 /* Helpers */ = {
			isa = PBXGroup;
			children = (
				0A990A531F75CB76005AB124 /* TopMenuBar.swift */,
				0A990A3F1F759F7F005AB124 /* Extension.swift */,
				0A22C0C72007F7A8004C23AF /* CustomImageView.swift */,
			);
			path = Helpers;
			sourceTree = "<group>";
		};
		0A990A411F75A17D005AB124 /* Models */ = {
			isa = PBXGroup;
			children = (
				0A990A421F75A1A6005AB124 /* Page.swift */,
				0A990A4B1F75B71B005AB124 /* Animals.swift */,
			);
			path = Models;
			sourceTree = "<group>";
		};
		0A990A481F75A7C4005AB124 /* Views */ = {
			isa = PBXGroup;
			children = (
				0ACC27E31F7ADDF90078387B /* BaseCell.swift */,
				0A990A491F75A7ED005AB124 /* PageCell.swift */,
				0A990A4D1F75BE14005AB124 /* LoginCell.swift */,
				0A990A4F1F75C8C4005AB124 /* PetCellController.swift */,
			);
			path = Views;
			sourceTree = "<group>";
		};
		1C92E230F767A9A1443F8415 /* Pods */ = {
			isa = PBXGroup;
			children = (
				18D1D2E963B3ABB97F62E24F /* Pods-Animals.debug.xcconfig */,
				468C67F0D232D67B5767B237 /* Pods-Animals.release.xcconfig */,
			);
			name = Pods;
			sourceTree = "<group>";
		};
		EB3A92485D47842DADD478CC /* Frameworks */ = {
			isa = PBXGroup;
			children = (
				9BF89BF7AB4EAE064978CFB2 /* Pods_Animals.framework */,
			);
			name = Frameworks;
			sourceTree = "<group>";
		};
/* End PBXGroup section */

/* Begin PBXNativeTarget section */
		0A990A281F759F07005AB124 /* Animals */ = {
			isa = PBXNativeTarget;
			buildConfigurationList = 0A990A3B1F759F07005AB124 /* Build configuration list for PBXNativeTarget "Animals" */;
			buildPhases = (
				E11E09E0264896C0CEF5D578 /* [CP] Check Pods Manifest.lock */,
				0A990A251F759F07005AB124 /* Sources */,
				0A990A261F759F07005AB124 /* Frameworks */,
				0A990A271F759F07005AB124 /* Resources */,
				453495227A8D593321845F71 /* [CP] Embed Pods Frameworks */,
				04C88782C0A788B91E3E8225 /* [CP] Copy Pods Resources */,
			);
			buildRules = (
			);
			dependencies = (
			);
			name = Animals;
			productName = Animals;
			productReference = 0A990A291F759F07005AB124 /* Animals.app */;
			productType = "com.apple.product-type.application";
		};
/* End PBXNativeTarget section */

/* Begin PBXProject section */
		0A990A211F759F07005AB124 /* Project object */ = {
			isa = PBXProject;
			attributes = {
				LastSwiftUpdateCheck = 0900;
				LastUpgradeCheck = 0900;
				ORGANIZATIONNAME = Kevin;
				TargetAttributes = {
					0A990A281F759F07005AB124 = {
						CreatedOnToolsVersion = 9.0;
						ProvisioningStyle = Automatic;
					};
				};
			};
			buildConfigurationList = 0A990A241F759F07005AB124 /* Build configuration list for PBXProject "Animals" */;
			compatibilityVersion = "Xcode 8.0";
			developmentRegion = en;
			hasScannedForEncodings = 0;
			knownRegions = (
				en,
				Base,
			);
			mainGroup = 0A990A201F759F07005AB124;
			productRefGroup = 0A990A2A1F759F07005AB124 /* Products */;
			projectDirPath = "";
			projectRoot = "";
			targets = (
				0A990A281F759F07005AB124 /* Animals */,
			);
		};
/* End PBXProject section */

/* Begin PBXResourcesBuildPhase section */
		0A990A271F759F07005AB124 /* Resources */ = {
			isa = PBXResourcesBuildPhase;
			buildActionMask = 2147483647;
			files = (
				0A990A471F75A477005AB124 /* Main.storyboard in Resources */,
				0A7061BA1FFD25EB00DAA864 /* Assets.xcassets in Resources */,
				0A990A371F759F07005AB124 /* LaunchScreen.storyboard in Resources */,
			);
			runOnlyForDeploymentPostprocessing = 0;
		};
/* End PBXResourcesBuildPhase section */

/* Begin PBXShellScriptBuildPhase section */
		04C88782C0A788B91E3E8225 /* [CP] Copy Pods Resources */ = {
			isa = PBXShellScriptBuildPhase;
			buildActionMask = 2147483647;
			files = (
			);
			inputPaths = (
			);
			name = "[CP] Copy Pods Resources";
			outputPaths = (
			);
			runOnlyForDeploymentPostprocessing = 0;
			shellPath = /bin/sh;
			shellScript = "\"${SRCROOT}/Pods/Target Support Files/Pods-Animals/Pods-Animals-resources.sh\"\n";
			showEnvVarsInLog = 0;
		};
		453495227A8D593321845F71 /* [CP] Embed Pods Frameworks */ = {
			isa = PBXShellScriptBuildPhase;
			buildActionMask = 2147483647;
			files = (
			);
			inputPaths = (
				"${SRCROOT}/Pods/Target Support Files/Pods-Animals/Pods-Animals-frameworks.sh",
				"${BUILT_PRODUCTS_DIR}/Alamofire/Alamofire.framework",
				"${BUILT_PRODUCTS_DIR}/SwiftyJSON/SwiftyJSON.framework",
			);
			name = "[CP] Embed Pods Frameworks";
			outputPaths = (
				"${TARGET_BUILD_DIR}/${FRAMEWORKS_FOLDER_PATH}/Alamofire.framework",
				"${TARGET_BUILD_DIR}/${FRAMEWORKS_FOLDER_PATH}/SwiftyJSON.framework",
			);
			runOnlyForDeploymentPostprocessing = 0;
			shellPath = /bin/sh;
			shellScript = "\"${SRCROOT}/Pods/Target Support Files/Pods-Animals/Pods-Animals-frameworks.sh\"\n";
			showEnvVarsInLog = 0;
		};
		E11E09E0264896C0CEF5D578 /* [CP] Check Pods Manifest.lock */ = {
			isa = PBXShellScriptBuildPhase;
			buildActionMask = 2147483647;
			files = (
			);
			inputPaths = (
				"${PODS_PODFILE_DIR_PATH}/Podfile.lock",
				"${PODS_ROOT}/Manifest.lock",
			);
			name = "[CP] Check Pods Manifest.lock";
			outputPaths = (
				"$(DERIVED_FILE_DIR)/Pods-Animals-checkManifestLockResult.txt",
			);
			runOnlyForDeploymentPostprocessing = 0;
			shellPath = /bin/sh;
			shellScript = "diff \"${PODS_PODFILE_DIR_PATH}/Podfile.lock\" \"${PODS_ROOT}/Manifest.lock\" > /dev/null\nif [ $? != 0 ] ; then\n    # print error to STDERR\n    echo \"error: The sandbox is not in sync with the Podfile.lock. Run 'pod install' or update your CocoaPods installation.\" >&2\n    exit 1\nfi\n# This output is used by Xcode 'outputs' to avoid re-running this script phase.\necho \"SUCCESS\" > \"${SCRIPT_OUTPUT_FILE_0}\"\n";
			showEnvVarsInLog = 0;
		};
/* End PBXShellScriptBuildPhase section */

/* Begin PBXSourcesBuildPhase section */
		0A990A251F759F07005AB124 /* Sources */ = {
			isa = PBXSourcesBuildPhase;
			buildActionMask = 2147483647;
			files = (
				0A990A451F75A1F4005AB124 /* MainNavigationController.swift in Sources */,
				0A990A401F759F7F005AB124 /* Extension.swift in Sources */,
				0A990A4A1F75A7ED005AB124 /* PageCell.swift in Sources */,
				0A22C0C82007F7A8004C23AF /* CustomImageView.swift in Sources */,
				0A990A4E1F75BE14005AB124 /* LoginCell.swift in Sources */,
				0ACC27E41F7ADDF90078387B /* BaseCell.swift in Sources */,
				0A990A521F75C95F005AB124 /* HomeController.swift in Sources */,
				0A990A2F1F759F07005AB124 /* TourController.swift in Sources */,
				0A990A4C1F75B71B005AB124 /* Animals.swift in Sources */,
				0ADEE70F1FDF34E20087A9DC /* DetailController.swift in Sources */,
				0A990A541F75CB76005AB124 /* TopMenuBar.swift in Sources */,
				0A990A431F75A1A6005AB124 /* Page.swift in Sources */,
				0A990A501F75C8C4005AB124 /* PetCellController.swift in Sources */,
				0A990A2D1F759F07005AB124 /* AppDelegate.swift in Sources */,
			);
			runOnlyForDeploymentPostprocessing = 0;
		};
/* End PBXSourcesBuildPhase section */

/* Begin PBXVariantGroup section */
		0A990A351F759F07005AB124 /* LaunchScreen.storyboard */ = {
			isa = PBXVariantGroup;
			children = (
				0A990A361F759F07005AB124 /* Base */,
			);
			name = LaunchScreen.storyboard;
			sourceTree = "<group>";
		};
/* End PBXVariantGroup section */

/* Begin XCBuildConfiguration section */
		0A990A391F759F07005AB124 /* Debug */ = {
			isa = XCBuildConfiguration;
			buildSettings = {
				ALWAYS_SEARCH_USER_PATHS = NO;
				CLANG_ANALYZER_NONNULL = YES;
				CLANG_ANALYZER_NUMBER_OBJECT_CONVERSION = YES_AGGRESSIVE;
				CLANG_CXX_LANGUAGE_STANDARD = "gnu++14";
				CLANG_CXX_LIBRARY = "libc++";
				CLANG_ENABLE_MODULES = YES;
				CLANG_ENABLE_OBJC_ARC = YES;
				CLANG_WARN_BLOCK_CAPTURE_AUTORELEASING = YES;
				CLANG_WARN_BOOL_CONVERSION = YES;
				CLANG_WARN_COMMA = YES;
				CLANG_WARN_CONSTANT_CONVERSION = YES;
				CLANG_WARN_DIRECT_OBJC_ISA_USAGE = YES_ERROR;
				CLANG_WARN_DOCUMENTATION_COMMENTS = YES;
				CLANG_WARN_EMPTY_BODY = YES;
				CLANG_WARN_ENUM_CONVERSION = YES;
				CLANG_WARN_INFINITE_RECURSION = YES;
				CLANG_WARN_INT_CONVERSION = YES;
				CLANG_WARN_NON_LITERAL_NULL_CONVERSION = YES;
				CLANG_WARN_OBJC_LITERAL_CONVERSION = YES;
				CLANG_WARN_OBJC_ROOT_CLASS = YES_ERROR;
				CLANG_WARN_RANGE_LOOP_ANALYSIS = YES;
				CLANG_WARN_STRICT_PROTOTYPES = YES;
				CLANG_WARN_SUSPICIOUS_MOVE = YES;
				CLANG_WARN_UNGUARDED_AVAILABILITY = YES_AGGRESSIVE;
				CLANG_WARN_UNREACHABLE_CODE = YES;
				CLANG_WARN__DUPLICATE_METHOD_MATCH = YES;
				CODE_SIGN_IDENTITY = "iPhone Developer";
				COPY_PHASE_STRIP = NO;
				DEBUG_INFORMATION_FORMAT = dwarf;
				ENABLE_STRICT_OBJC_MSGSEND = YES;
				ENABLE_TESTABILITY = YES;
				GCC_C_LANGUAGE_STANDARD = gnu11;
				GCC_DYNAMIC_NO_PIC = NO;
				GCC_NO_COMMON_BLOCKS = YES;
				GCC_OPTIMIZATION_LEVEL = 0;
				GCC_PREPROCESSOR_DEFINITIONS = (
					"DEBUG=1",
					"$(inherited)",
				);
				GCC_WARN_64_TO_32_BIT_CONVERSION = YES;
				GCC_WARN_ABOUT_RETURN_TYPE = YES_ERROR;
				GCC_WARN_UNDECLARED_SELECTOR = YES;
				GCC_WARN_UNINITIALIZED_AUTOS = YES_AGGRESSIVE;
				GCC_WARN_UNUSED_FUNCTION = YES;
				GCC_WARN_UNUSED_VARIABLE = YES;
				IPHONEOS_DEPLOYMENT_TARGET = 11.0;
				MTL_ENABLE_DEBUG_INFO = YES;
				ONLY_ACTIVE_ARCH = YES;
				SDKROOT = iphoneos;
				SWIFT_ACTIVE_COMPILATION_CONDITIONS = DEBUG;
				SWIFT_OPTIMIZATION_LEVEL = "-Onone";
			};
			name = Debug;
		};
		0A990A3A1F759F07005AB124 /* Release */ = {
			isa = XCBuildConfiguration;
			buildSettings = {
				ALWAYS_SEARCH_USER_PATHS = NO;
				CLANG_ANALYZER_NONNULL = YES;
				CLANG_ANALYZER_NUMBER_OBJECT_CONVERSION = YES_AGGRESSIVE;
				CLANG_CXX_LANGUAGE_STANDARD = "gnu++14";
				CLANG_CXX_LIBRARY = "libc++";
				CLANG_ENABLE_MODULES = YES;
				CLANG_ENABLE_OBJC_ARC = YES;
				CLANG_WARN_BLOCK_CAPTURE_AUTORELEASING = YES;
				CLANG_WARN_BOOL_CONVERSION = YES;
				CLANG_WARN_COMMA = YES;
				CLANG_WARN_CONSTANT_CONVERSION = YES;
				CLANG_WARN_DIRECT_OBJC_ISA_USAGE = YES_ERROR;
				CLANG_WARN_DOCUMENTATION_COMMENTS = YES;
				CLANG_WARN_EMPTY_BODY = YES;
				CLANG_WARN_ENUM_CONVERSION = YES;
				CLANG_WARN_INFINITE_RECURSION = YES;
				CLANG_WARN_INT_CONVERSION = YES;
				CLANG_WARN_NON_LITERAL_NULL_CONVERSION = YES;
				CLANG_WARN_OBJC_LITERAL_CONVERSION = YES;
				CLANG_WARN_OBJC_ROOT_CLASS = YES_ERROR;
				CLANG_WARN_RANGE_LOOP_ANALYSIS = YES;
				CLANG_WARN_STRICT_PROTOTYPES = YES;
				CLANG_WARN_SUSPICIOUS_MOVE = YES;
				CLANG_WARN_UNGUARDED_AVAILABILITY = YES_AGGRESSIVE;
				CLANG_WARN_UNREACHABLE_CODE = YES;
				CLANG_WARN__DUPLICATE_METHOD_MATCH = YES;
				CODE_SIGN_IDENTITY = "iPhone Developer";
				COPY_PHASE_STRIP = NO;
				DEBUG_INFORMATION_FORMAT = "dwarf-with-dsym";
				ENABLE_NS_ASSERTIONS = NO;
				ENABLE_STRICT_OBJC_MSGSEND = YES;
				GCC_C_LANGUAGE_STANDARD = gnu11;
				GCC_NO_COMMON_BLOCKS = YES;
				GCC_WARN_64_TO_32_BIT_CONVERSION = YES;
				GCC_WARN_ABOUT_RETURN_TYPE = YES_ERROR;
				GCC_WARN_UNDECLARED_SELECTOR = YES;
				GCC_WARN_UNINITIALIZED_AUTOS = YES_AGGRESSIVE;
				GCC_WARN_UNUSED_FUNCTION = YES;
				GCC_WARN_UNUSED_VARIABLE = YES;
				IPHONEOS_DEPLOYMENT_TARGET = 11.0;
				MTL_ENABLE_DEBUG_INFO = NO;
				SDKROOT = iphoneos;
				SWIFT_OPTIMIZATION_LEVEL = "-Owholemodule";
				VALIDATE_PRODUCT = YES;
			};
			name = Release;
		};
		0A990A3C1F759F07005AB124 /* Debug */ = {
			isa = XCBuildConfiguration;
			baseConfigurationReference = 18D1D2E963B3ABB97F62E24F /* Pods-Animals.debug.xcconfig */;
			buildSettings = {
				ASSETCATALOG_COMPILER_APPICON_NAME = AppIcon;
				CODE_SIGN_STYLE = Automatic;
				DEVELOPMENT_TEAM = P4NW7CND3R;
				INFOPLIST_FILE = Animals/Info.plist;
				LD_RUNPATH_SEARCH_PATHS = "$(inherited) @executable_path/Frameworks";
				PRODUCT_BUNDLE_IDENTIFIER = com.rojke.Animals;
				PRODUCT_NAME = "$(TARGET_NAME)";
				SWIFT_VERSION = 4.0;
				TARGETED_DEVICE_FAMILY = "1,2";
			};
			name = Debug;
		};
		0A990A3D1F759F07005AB124 /* Release */ = {
			isa = XCBuildConfiguration;
			baseConfigurationReference = 468C67F0D232D67B5767B237 /* Pods-Animals.release.xcconfig */;
			buildSettings = {
				ASSETCATALOG_COMPILER_APPICON_NAME = AppIcon;
				CODE_SIGN_STYLE = Automatic;
				DEVELOPMENT_TEAM = P4NW7CND3R;
				INFOPLIST_FILE = Animals/Info.plist;
				LD_RUNPATH_SEARCH_PATHS = "$(inherited) @executable_path/Frameworks";
				PRODUCT_BUNDLE_IDENTIFIER = com.rojke.Animals;
				PRODUCT_NAME = "$(TARGET_NAME)";
				SWIFT_VERSION = 4.0;
				TARGETED_DEVICE_FAMILY = "1,2";
			};
			name = Release;
		};
/* End XCBuildConfiguration section */

/* Begin XCConfigurationList section */
		0A990A241F759F07005AB124 /* Build configuration list for PBXProject "Animals" */ = {
			isa = XCConfigurationList;
			buildConfigurations = (
				0A990A391F759F07005AB124 /* Debug */,
				0A990A3A1F759F07005AB124 /* Release */,
			);
			defaultConfigurationIsVisible = 0;
			defaultConfigurationName = Release;
		};
		0A990A3B1F759F07005AB124 /* Build configuration list for PBXNativeTarget "Animals" */ = {
			isa = XCConfigurationList;
			buildConfigurations = (
				0A990A3C1F759F07005AB124 /* Debug */,
				0A990A3D1F759F07005AB124 /* Release */,
			);
			defaultConfigurationIsVisible = 0;
			defaultConfigurationName = Release;
		};
/* End XCConfigurationList section */
	};
	rootObject = 0A990A211F759F07005AB124 /* Project object */;
}
